Microsoft Visual Studio Solution File, Format Version 9.00
# Visual Studio 2005
Project("{8BC9CEB8-8B4A-11D0-8D11-00A0C91BC942}") = "cgru", "cgru_plugin.vcproj", "{681412B0-F197-4A2F-9263-DEA2E8690146}"
EndProject
Global
	GlobalSection(SolutionConfigurationPlatforms) = preSolution
		Debug|Win32 = Debug|Win32
		Debug|x64 = Debug|x64
		Release|Win32 = Release|Win32
		Release|x64 = Release|x64
		release2008|Win32 = release2008|Win32
		release2008|x64 = release2008|x64
		release2009|Win32 = release2009|Win32
		release2009|x64 = release2009|x64
		release2010|Win32 = release2010|Win32
		release2010|x64 = release2010|x64
		release2011|Win32 = release2011|Win32
		release2011|x64 = release2011|x64
		release7.0|Win32 = release7.0|Win32
		release7.0|x64 = release7.0|x64
		release8.0|Win32 = release8.0|Win32
		release8.0|x64 = release8.0|x64
		ReleaseDebug|Win32 = ReleaseDebug|Win32
		ReleaseDebug|x64 = ReleaseDebug|x64
	EndGlobalSection
	GlobalSection(ProjectConfigurationPlatforms) = postSolution
		{681412B0-F197-4A2F-9263-DEA2E8690146}.Debug|Win32.ActiveCfg = Debug|Win32
		{681412B0-F197-4A2F-9263-DEA2E8690146}.Debug|Win32.Build.0 = Debug|Win32
		{681412B0-F197-4A2F-9263-DEA2E8690146}.Debug|x64.ActiveCfg = Debug|x64
		{681412B0-F197-4A2F-9263-DEA2E8690146}.Debug|x64.Build.0 = Debug|x64
		{681412B0-F197-4A2F-9263-DEA2E8690146}.Release|Win32.ActiveCfg = Release|Win32
		{681412B0-F197-4A2F-9263-DEA2E8690146}.Release|Win32.Build.0 = Release|Win32
		{681412B0-F197-4A2F-9263-DEA2E8690146}.Release|x64.ActiveCfg = Release|x64
		{681412B0-F197-4A2F-9263-DEA2E8690146}.Release|x64.Build.0 = Release|x64
		{681412B0-F197-4A2F-9263-DEA2E8690146}.release2008|Win32.ActiveCfg = release2008|Win32
		{681412B0-F197-4A2F-9263-DEA2E8690146}.release2008|Win32.Build.0 = release2008|Win32
		{681412B0-F197-4A2F-9263-DEA2E8690146}.release2008|x64.ActiveCfg = release2008|x64
		{681412B0-F197-4A2F-9263-DEA2E8690146}.release2008|x64.Build.0 = release2008|x64
		{681412B0-F197-4A2F-9263-DEA2E8690146}.release2009|Win32.ActiveCfg = release2009|Win32
		{681412B0-F197-4A2F-9263-DEA2E8690146}.release2009|Win32.Build.0 = release2009|Win32
		{681412B0-F197-4A2F-9263-DEA2E8690146}.release2009|x64.ActiveCfg = release2009|x64
		{681412B0-F197-4A2F-9263-DEA2E8690146}.release2009|x64.Build.0 = release2009|x64
		{681412B0-F197-4A2F-9263-DEA2E8690146}.release2010|Win32.ActiveCfg = release2010|Win32
		{681412B0-F197-4A2F-9263-DEA2E8690146}.release2010|Win32.Build.0 = release2010|Win32
		{681412B0-F197-4A2F-9263-DEA2E8690146}.release2010|x64.ActiveCfg = release2010|x64
		{681412B0-F197-4A2F-9263-DEA2E8690146}.release2010|x64.Build.0 = release2010|x64
		{681412B0-F197-4A2F-9263-DEA2E8690146}.release2011|Win32.ActiveCfg = release2011|Win32
		{681412B0-F197-4A2F-9263-DEA2E8690146}.release2011|Win32.Build.0 = release2011|Win32
		{681412B0-F197-4A2F-9263-DEA2E8690146}.release2011|x64.ActiveCfg = release2011|x64
		{681412B0-F197-4A2F-9263-DEA2E8690146}.release2011|x64.Build.0 = release2011|x64
		{681412B0-F197-4A2F-9263-DEA2E8690146}.release7.0|Win32.ActiveCfg = release7.0|Win32
		{681412B0-F197-4A2F-9263-DEA2E8690146}.release7.0|Win32.Build.0 = release7.0|Win32
		{681412B0-F197-4A2F-9263-DEA2E8690146}.release7.0|x64.ActiveCfg = release7.0|x64
		{681412B0-F197-4A2F-9263-DEA2E8690146}.release7.0|x64.Build.0 = release7.0|x64
		{681412B0-F197-4A2F-9263-DEA2E8690146}.release8.0|Win32.ActiveCfg = release8.0|Win32
		{681412B0-F197-4A2F-9263-DEA2E8690146}.release8.0|Win32.Build.0 = release8.0|Win32
		{681412B0-F197-4A2F-9263-DEA2E8690146}.release8.0|x64.ActiveCfg = release8.0|x64
		{681412B0-F197-4A2F-9263-DEA2E8690146}.release8.0|x64.Build.0 = release8.0|x64
		{681412B0-F197-4A2F-9263-DEA2E8690146}.ReleaseDebug|Win32.ActiveCfg = ReleaseDebug|Win32
		{681412B0-F197-4A2F-9263-DEA2E8690146}.ReleaseDebug|Win32.Build.0 = ReleaseDebug|Win32
		{681412B0-F197-4A2F-9263-DEA2E8690146}.ReleaseDebug|x64.ActiveCfg = ReleaseDebug|x64
		{681412B0-F197-4A2F-9263-DEA2E8690146}.ReleaseDebug|x64.Build.0 = ReleaseDebug|x64
	EndGlobalSection
	GlobalSection(SolutionProperties) = preSolution
		HideSolutionNode = FALSE
	EndGlobalSection
EndGlobal
